
Microsoft Visual Studio Solution File, Format Version 12.00
# Visual Studio Version 17
VisualStudioVersion = 17.9.34622.214
MinimumVisualStudioVersion = 10.0.40219.1
Project("{9A19103F-16F7-4668-BE54-9A1E7A4F7556}") = "Domain", "Domain\Domain.csproj", "{2B1EAEBA-361D-455A-98F6-62A9A7B68460}"
EndProject
Project("{9A19103F-16F7-4668-BE54-9A1E7A4F7556}") = "Services", "Services\Services.csproj", "{33DBC3DC-1665-4E7C-8FF2-68482F1E24AC}"
EndProject
Project("{2150E333-8FDC-42A3-9474-1A3956D46DE8}") = "Solution Items", "Solution Items", "{E816D461-060E-4269-AB2A-6F4DE108C449}"
	ProjectSection(SolutionItems) = preProject
		.gitignore = .gitignore
	EndProjectSection
EndProject
Project("{9A19103F-16F7-4668-BE54-9A1E7A4F7556}") = "MigrationProject", "MigrationProject\MigrationProject.csproj", "{B7B6F4AE-3D30-4F1A-95D6-23DFB776E186}"
EndProject
Project("{9A19103F-16F7-4668-BE54-9A1E7A4F7556}") = "WebApp2", "WebApp2\WebApp2.csproj", "{D367AF0E-C34D-4C3B-8FEE-AB1557926288}"
EndProject
Global
	GlobalSection(SolutionConfigurationPlatforms) = preSolution
		Debug|Any CPU = Debug|Any CPU
		Release|Any CPU = Release|Any CPU
	EndGlobalSection
	GlobalSection(ProjectConfigurationPlatforms) = postSolution
		{2B1EAEBA-361D-455A-98F6-62A9A7B68460}.Debug|Any CPU.ActiveCfg = Debug|Any CPU
		{2B1EAEBA-361D-455A-98F6-62A9A7B68460}.Debug|Any CPU.Build.0 = Debug|Any CPU
		{2B1EAEBA-361D-455A-98F6-62A9A7B68460}.Release|Any CPU.ActiveCfg = Release|Any CPU
		{2B1EAEBA-361D-455A-98F6-62A9A7B68460}.Release|Any CPU.Build.0 = Release|Any CPU
		{33DBC3DC-1665-4E7C-8FF2-68482F1E24AC}.Debug|Any CPU.ActiveCfg = Debug|Any CPU
		{33DBC3DC-1665-4E7C-8FF2-68482F1E24AC}.Debug|Any CPU.Build.0 = Debug|Any CPU
		{33DBC3DC-1665-4E7C-8FF2-68482F1E24AC}.Release|Any CPU.ActiveCfg = Release|Any CPU
		{33DBC3DC-1665-4E7C-8FF2-68482F1E24AC}.Release|Any CPU.Build.0 = Release|Any CPU
		{B7B6F4AE-3D30-4F1A-95D6-23DFB776E186}.Debug|Any CPU.ActiveCfg = Debug|Any CPU
		{B7B6F4AE-3D30-4F1A-95D6-23DFB776E186}.Debug|Any CPU.Build.0 = Debug|Any CPU
		{B7B6F4AE-3D30-4F1A-95D6-23DFB776E186}.Release|Any CPU.ActiveCfg = Release|Any CPU
		{B7B6F4AE-3D30-4F1A-95D6-23DFB776E186}.Release|Any CPU.Build.0 = Release|Any CPU
		{D367AF0E-C34D-4C3B-8FEE-AB1557926288}.Debug|Any CPU.ActiveCfg = Debug|Any CPU
		{D367AF0E-C34D-4C3B-8FEE-AB1557926288}.Debug|Any CPU.Build.0 = Debug|Any CPU
		{D367AF0E-C34D-4C3B-8FEE-AB1557926288}.Release|Any CPU.ActiveCfg = Release|Any CPU
		{D367AF0E-C34D-4C3B-8FEE-AB1557926288}.Release|Any CPU.Build.0 = Release|Any CPU
	EndGlobalSection
	GlobalSection(SolutionProperties) = preSolution
		HideSolutionNode = FALSE
	EndGlobalSection
	GlobalSection(ExtensibilityGlobals) = postSolution
		SolutionGuid = {7DD298BC-6D68-48E7-9050-E7A6BD0AE020}
	EndGlobalSection
EndGlobal
